
Microsoft Visual Studio Solution File, Format Version 12.00
# Visual Studio 15
VisualStudioVersion = 15.0.28307.1231
MinimumVisualStudioVersion = 10.0.40219.1
Project("{FAE04EC0-301F-11D3-BF4B-00C04F79EFBC}") = "NUnit_VS2017", "NUnit_VS2017.csproj", "{39EF6E32-734A-4BBB-AE49-6CBE57CF3893}"
EndProject
Project("{FAE04EC0-301F-11D3-BF4B-00C04F79EFBC}") = "NUnitTestLib", "..\NUnitTestLib\NUnitTestLib.csproj", "{B8A225BB-153F-455D-9710-4DA1396FD910}"
EndProject
Global
	GlobalSection(SolutionConfigurationPlatforms) = preSolution
		Debug|Any CPU = Debug|Any CPU
		Release|Any CPU = Release|Any CPU
	EndGlobalSection
	GlobalSection(ProjectConfigurationPlatforms) = postSolution
		{39EF6E32-734A-4BBB-AE49-6CBE57CF3893}.Debug|Any CPU.ActiveCfg = Debug|Any CPU
		{39EF6E32-734A-4BBB-AE49-6CBE57CF3893}.Debug|Any CPU.Build.0 = Debug|Any CPU
		{39EF6E32-734A-4BBB-AE49-6CBE57CF3893}.Release|Any CPU.ActiveCfg = Release|Any CPU
		{39EF6E32-734A-4BBB-AE49-6CBE57CF3893}.Release|Any CPU.Build.0 = Release|Any CPU
		{B8A225BB-153F-455D-9710-4DA1396FD910}.Debug|Any CPU.ActiveCfg = Debug|Any CPU
		{B8A225BB-153F-455D-9710-4DA1396FD910}.Debug|Any CPU.Build.0 = Debug|Any CPU
		{B8A225BB-153F-455D-9710-4DA1396FD910}.Release|Any CPU.ActiveCfg = Release|Any CPU
		{B8A225BB-153F-455D-9710-4DA1396FD910}.Release|Any CPU.Build.0 = Release|Any CPU
	EndGlobalSection
	GlobalSection(SolutionProperties) = preSolution
		HideSolutionNode = FALSE
	EndGlobalSection
	GlobalSection(ExtensibilityGlobals) = postSolution
		SolutionGuid = {C07F5C9C-787F-47C9-9225-1105903A1AE9}
	EndGlobalSection
EndGlobal
