
Microsoft Visual Studio Solution File, Format Version 12.00
# Visual Studio 15
VisualStudioVersion = 15.0.28307.1525
MinimumVisualStudioVersion = 10.0.40219.1
Project("{FAE04EC0-301F-11D3-BF4B-00C04F79EFBC}") = "WebClient", "WebClient\WebClient.csproj", "{08BBA5E3-F115-456F-AE04-7543663D456E}"
EndProject
Global
	GlobalSection(SolutionConfigurationPlatforms) = preSolution
		Debug|Any CPU = Debug|Any CPU
		Release|Any CPU = Release|Any CPU
	EndGlobalSection
	GlobalSection(ProjectConfigurationPlatforms) = postSolution
		{08BBA5E3-F115-456F-AE04-7543663D456E}.Debug|Any CPU.ActiveCfg = Debug|Any CPU
		{08BBA5E3-F115-456F-AE04-7543663D456E}.Debug|Any CPU.Build.0 = Debug|Any CPU
		{08BBA5E3-F115-456F-AE04-7543663D456E}.Release|Any CPU.ActiveCfg = Release|Any CPU
		{08BBA5E3-F115-456F-AE04-7543663D456E}.Release|Any CPU.Build.0 = Release|Any CPU
	EndGlobalSection
	GlobalSection(SolutionProperties) = preSolution
		HideSolutionNode = FALSE
	EndGlobalSection
	GlobalSection(ExtensibilityGlobals) = postSolution
		SolutionGuid = {EB254224-74EC-4582-8A5F-BE7B45775385}
	EndGlobalSection
EndGlobal
