
Microsoft Visual Studio Solution File, Format Version 12.00
Project("{FAE04EC0-301F-11D3-BF4B-00C04F79EFBC}") = "SampleWireMock", "SampleWireMock.csproj", "{7A8BA9DF-44E0-4C6A-BBA9-1108266F185E}"
EndProject
Project("{FAE04EC0-301F-11D3-BF4B-00C04F79EFBC}") = "WebApiClient", "WebApiClient\WebApiClient.csproj", "{1D08C490-3FD6-44F3-AFCF-10D54FAA18AD}"
EndProject
Project("{FAE04EC0-301F-11D3-BF4B-00C04F79EFBC}") = "TestWebApiClient", "TestWebApiClient\TestWebApiClient.csproj", "{DFF0BCF0-FEA7-4615-8B57-06E29AB30EB2}"
EndProject
Global
	GlobalSection(SolutionConfigurationPlatforms) = preSolution
		Debug|Any CPU = Debug|Any CPU
		Release|Any CPU = Release|Any CPU
	EndGlobalSection
	GlobalSection(ProjectConfigurationPlatforms) = postSolution
		{7A8BA9DF-44E0-4C6A-BBA9-1108266F185E}.Debug|Any CPU.ActiveCfg = Debug|Any CPU
		{7A8BA9DF-44E0-4C6A-BBA9-1108266F185E}.Debug|Any CPU.Build.0 = Debug|Any CPU
		{7A8BA9DF-44E0-4C6A-BBA9-1108266F185E}.Release|Any CPU.ActiveCfg = Release|Any CPU
		{7A8BA9DF-44E0-4C6A-BBA9-1108266F185E}.Release|Any CPU.Build.0 = Release|Any CPU
		{1D08C490-3FD6-44F3-AFCF-10D54FAA18AD}.Debug|Any CPU.ActiveCfg = Debug|Any CPU
		{1D08C490-3FD6-44F3-AFCF-10D54FAA18AD}.Debug|Any CPU.Build.0 = Debug|Any CPU
		{1D08C490-3FD6-44F3-AFCF-10D54FAA18AD}.Release|Any CPU.ActiveCfg = Release|Any CPU
		{1D08C490-3FD6-44F3-AFCF-10D54FAA18AD}.Release|Any CPU.Build.0 = Release|Any CPU
		{DFF0BCF0-FEA7-4615-8B57-06E29AB30EB2}.Debug|Any CPU.ActiveCfg = Debug|Any CPU
		{DFF0BCF0-FEA7-4615-8B57-06E29AB30EB2}.Debug|Any CPU.Build.0 = Debug|Any CPU
		{DFF0BCF0-FEA7-4615-8B57-06E29AB30EB2}.Release|Any CPU.ActiveCfg = Release|Any CPU
		{DFF0BCF0-FEA7-4615-8B57-06E29AB30EB2}.Release|Any CPU.Build.0 = Release|Any CPU
	EndGlobalSection
EndGlobal
