
Microsoft Visual Studio Solution File, Format Version 12.00
# Visual Studio 15
VisualStudioVersion = 15.0.28307.1525
MinimumVisualStudioVersion = 10.0.40219.1
Project("{9A19103F-16F7-4668-BE54-9A1E7A4F7556}") = "TestWireMock", "TestWireMock\TestWireMock.csproj", "{67449EF2-2615-43D6-ADAF-6DEA67BD0580}"
EndProject
Global
	GlobalSection(SolutionConfigurationPlatforms) = preSolution
		Debug|Any CPU = Debug|Any CPU
		Release|Any CPU = Release|Any CPU
	EndGlobalSection
	GlobalSection(ProjectConfigurationPlatforms) = postSolution
		{67449EF2-2615-43D6-ADAF-6DEA67BD0580}.Debug|Any CPU.ActiveCfg = Debug|Any CPU
		{67449EF2-2615-43D6-ADAF-6DEA67BD0580}.Debug|Any CPU.Build.0 = Debug|Any CPU
		{67449EF2-2615-43D6-ADAF-6DEA67BD0580}.Release|Any CPU.ActiveCfg = Release|Any CPU
		{67449EF2-2615-43D6-ADAF-6DEA67BD0580}.Release|Any CPU.Build.0 = Release|Any CPU
	EndGlobalSection
	GlobalSection(SolutionProperties) = preSolution
		HideSolutionNode = FALSE
	EndGlobalSection
	GlobalSection(ExtensibilityGlobals) = postSolution
		SolutionGuid = {38743301-D39B-410F-AE94-EEE787BB4579}
	EndGlobalSection
EndGlobal
