
Microsoft Visual Studio Solution File, Format Version 12.00
# Visual Studio Version 16
VisualStudioVersion = 16.0.31321.278
MinimumVisualStudioVersion = 10.0.40219.1
Project("{FAE04EC0-301F-11D3-BF4B-00C04F79EFBC}") = "NUnitPractice", "NUnitPractice\NUnitPractice.csproj", "{601373EF-BFA4-4A3B-B681-108FBD056F90}"
EndProject
Global
	GlobalSection(SolutionConfigurationPlatforms) = preSolution
		Debug|Any CPU = Debug|Any CPU
		Release|Any CPU = Release|Any CPU
	EndGlobalSection
	GlobalSection(ProjectConfigurationPlatforms) = postSolution
		{601373EF-BFA4-4A3B-B681-108FBD056F90}.Debug|Any CPU.ActiveCfg = Debug|Any CPU
		{601373EF-BFA4-4A3B-B681-108FBD056F90}.Debug|Any CPU.Build.0 = Debug|Any CPU
		{601373EF-BFA4-4A3B-B681-108FBD056F90}.Release|Any CPU.ActiveCfg = Release|Any CPU
		{601373EF-BFA4-4A3B-B681-108FBD056F90}.Release|Any CPU.Build.0 = Release|Any CPU
	EndGlobalSection
	GlobalSection(SolutionProperties) = preSolution
		HideSolutionNode = FALSE
	EndGlobalSection
	GlobalSection(ExtensibilityGlobals) = postSolution
		SolutionGuid = {967DD50A-6A5A-49AB-A72E-21FA0DFF52F6}
	EndGlobalSection
EndGlobal
