
Microsoft Visual Studio Solution File, Format Version 12.00
# Visual Studio 15
VisualStudioVersion = 15.0.28307.1231
MinimumVisualStudioVersion = 10.0.40219.1
Project("{FAE04EC0-301F-11D3-BF4B-00C04F79EFBC}") = "HttpClientConsole", "HttpClientConsole.csproj", "{3351819B-28F2-46CC-B094-999BACC5E815}"
EndProject
Project("{FAE04EC0-301F-11D3-BF4B-00C04F79EFBC}") = "BenchMark", "..\BenchMark\BenchMark.csproj", "{8222242F-504B-44FA-BC56-14AE5041CABA}"
EndProject
Global
	GlobalSection(SolutionConfigurationPlatforms) = preSolution
		Debug|Any CPU = Debug|Any CPU
		Release|Any CPU = Release|Any CPU
	EndGlobalSection
	GlobalSection(ProjectConfigurationPlatforms) = postSolution
		{3351819B-28F2-46CC-B094-999BACC5E815}.Debug|Any CPU.ActiveCfg = Debug|Any CPU
		{3351819B-28F2-46CC-B094-999BACC5E815}.Debug|Any CPU.Build.0 = Debug|Any CPU
		{3351819B-28F2-46CC-B094-999BACC5E815}.Release|Any CPU.ActiveCfg = Release|Any CPU
		{3351819B-28F2-46CC-B094-999BACC5E815}.Release|Any CPU.Build.0 = Release|Any CPU
		{8222242F-504B-44FA-BC56-14AE5041CABA}.Debug|Any CPU.ActiveCfg = Debug|Any CPU
		{8222242F-504B-44FA-BC56-14AE5041CABA}.Debug|Any CPU.Build.0 = Debug|Any CPU
		{8222242F-504B-44FA-BC56-14AE5041CABA}.Release|Any CPU.ActiveCfg = Release|Any CPU
		{8222242F-504B-44FA-BC56-14AE5041CABA}.Release|Any CPU.Build.0 = Release|Any CPU
	EndGlobalSection
	GlobalSection(SolutionProperties) = preSolution
		HideSolutionNode = FALSE
	EndGlobalSection
	GlobalSection(ExtensibilityGlobals) = postSolution
		SolutionGuid = {CE106997-3948-4C0C-AC4C-F5A6A7CC12A8}
	EndGlobalSection
EndGlobal
